
Microsoft Visual Studio Solution File, Format Version 12.00
# Visual Studio 15
VisualStudioVersion = 15.0.27004.2005
MinimumVisualStudioVersion = 10.0.40219.1
Project("{FAE04EC0-301F-11D3-BF4B-00C04F79EFBC}") = "FirstClass", "FirstClass\FirstClass.csproj", "{47EF5A96-65BD-4743-82D6-641AFB2C7BB8}"
EndProject
Global
	GlobalSection(SolutionConfigurationPlatforms) = preSolution
		Debug|Any CPU = Debug|Any CPU
		Release|Any CPU = Release|Any CPU
	EndGlobalSection
	GlobalSection(ProjectConfigurationPlatforms) = postSolution
		{47EF5A96-65BD-4743-82D6-641AFB2C7BB8}.Debug|Any CPU.ActiveCfg = Debug|Any CPU
		{47EF5A96-65BD-4743-82D6-641AFB2C7BB8}.Debug|Any CPU.Build.0 = Debug|Any CPU
		{47EF5A96-65BD-4743-82D6-641AFB2C7BB8}.Release|Any CPU.ActiveCfg = Release|Any CPU
		{47EF5A96-65BD-4743-82D6-641AFB2C7BB8}.Release|Any CPU.Build.0 = Release|Any CPU
	EndGlobalSection
	GlobalSection(SolutionProperties) = preSolution
		HideSolutionNode = FALSE
	EndGlobalSection
	GlobalSection(ExtensibilityGlobals) = postSolution
		SolutionGuid = {E4EB3880-5D8F-4CE1-8058-0A1E64B7364B}
	EndGlobalSection
EndGlobal
